## YAML Template.
---
# config/packages/sonata_block.yaml

sonata_block:
    blocks:
        ptd.usernav.block:
        header.default.block:
        # enable the SonataAdminBundle block
        sonata.admin.block.admin_list:
            contexts: [admin]
    context_manager: sonata.page.block.context_manager
    default_contexts: [sonata_page_bundle]