## YAML Template.
---
services:
        
    header.default.block:
        class: App\Block\Header\BaseHeaderBlockService
        public: true
        arguments:
            - 'header.default.block'
            - '@templating'
            - '@service_container'
        tags:
            - { name: sonata.block }

    user.unauthenticated.menu.block:
        class: App\Block\Header\UserUnauthenticatedMenuBlockService
        public: true
        arguments:
            - 'user.unauthenticated.menu.block'
            - '@templating'
            - '@service_container'
        tags:
            - { name: sonata.block }
    
    sidebar.menu.block:
        class: App\Block\Sidebar\SidebarMenuBlockService
        public: true
        arguments:
            - 'sidebar.menu.block'
            - '@templating'
            - '@service_container'
        tags:
            - { name: sonata.block }
            
            
            
            
            
            