## YAML Template.
---
services:
            
    header.default.block:
        class: App\Block\HeaderDefaulBlockService
        public: true
        arguments:
            - 'header.default.block'
            - '@templating'
            - '@service_container'
        tags:
            - { name: sonata.block }
            
    user.authenticated.menu.block:
        class: App\Block\UserauthenticatedMenuBlockService
        public: true
        arguments:
            - 'user.authenticated.menu.block'
            - '@templating'
            - '@service_container'
        tags:
            - { name: sonata.block }
            
            
            
            
            
            